GEM
  remote: http://rubygems.org/
  specs:
    RedCloth (4.3.4)
    base64 (0.3.0)
    coderay (1.0.7)
    google-protobuf (3.25.8)
    haml (5.2.2)
      temple (>= 0.8.0)
      tilt
    haml-contrib (1.0.0.1)
      haml (>= 3.2.0.alpha.13)
    logger (1.7.0)
    mini_portile2 (2.8.9)
    mustermann (3.0.3)
      ruby2_keywords (~> 0.0.1)
    nesta (0.18.0)
      RedCloth (~> 4.2)
      haml (>= 3.1, < 6.0)
      haml-contrib (>= 1.0)
      rack (~> 3)
      rake
      rdiscount (~> 2.1)
      sass-embedded (~> 1.58)
      sinatra (~> 4.0)
      tilt (~> 2.1)
    nokogiri (1.15.7)
      mini_portile2 (~> 2.8.2)
      racc (~> 1.4)
    racc (1.8.1)
    rack (3.1.16)
    rack-codehighlighter (0.6.0)
      nokogiri (>= 1.4.1)
      rack (>= 2.0.0)
    rack-protection (4.1.1)
      base64 (>= 0.1.0)
      logger (>= 1.6.0)
      rack (>= 3.0.0, < 4)
    rack-session (2.1.1)
      base64 (>= 0.1.0)
      rack (>= 3.0.0)
    rake (13.3.0)
    rdiscount (2.2.7.3)
    ruby2_keywords (0.0.5)
    sass-embedded (1.63.6)
      google-protobuf (~> 3.23)
      rake (>= 13.0.0)
    sinatra (4.1.1)
      logger (>= 1.6.0)
      mustermann (~> 3.0)
      rack (>= 3.0.0, < 4)
      rack-protection (= 4.1.1)
      rack-session (>= 2.0.0, < 3)
      tilt (~> 2.0)
    temple (0.10.3)
    tilt (2.6.1)

PLATFORMS
  ruby

DEPENDENCIES
  coderay
  nesta (>= 0.17.0)
  rack-codehighlighter (>= 0.5.1)

BUNDLED WITH
   2.1.4
